// !$*UTF8*$!
{
	archiveVersion = 1;
	classes = {
	};
	objectVersion = 50;
	objects = {

/* Begin PBXBuildFile section */
		E919784F26F1DD5600112E42 /* AppDelegate.swift in Sources */ = {isa = PBXBuildFile; fileRef = E919784E26F1DD5600112E42 /* AppDelegate.swift */; };
		E919785126F1DD5600112E42 /* SceneDelegate.swift in Sources */ = {isa = PBXBuildFile; fileRef = E919785026F1DD5600112E42 /* SceneDelegate.swift */; };
		E919785326F1DD5600112E42 /* ViewController.swift in Sources */ = {isa = PBXBuildFile; fileRef = E919785226F1DD5600112E42 /* ViewController.swift */; };
		E919785626F1DD5600112E42 /* Main.storyboard in Resources */ = {isa = PBXBuildFile; fileRef = E919785426F1DD5600112E42 /* Main.storyboard */; };
		E919785826F1DD5C00112E42 /* Assets.xcassets in Resources */ = {isa = PBXBuildFile; fileRef = E919785726F1DD5C00112E42 /* Assets.xcassets */; };
		E919785B26F1DD5C00112E42 /* LaunchScreen.storyboard in Resources */ = {isa = PBXBuildFile; fileRef = E919785926F1DD5C00112E42 /* LaunchScreen.storyboard */; };
		E919786326F2370B00112E42 /* Balham.otf in Resources */ = {isa = PBXBuildFile; fileRef = E919786226F2370B00112E42 /* Balham.otf */; };
		E919786B26F23C7200112E42 /* Question.swift in Sources */ = {isa = PBXBuildFile; fileRef = E919786A26F23C7200112E42 /* Question.swift */; };
		E949335326F32702003E97E6 /* QuestionManager.swift in Sources */ = {isa = PBXBuildFile; fileRef = E949335226F32702003E97E6 /* QuestionManager.swift */; };
		E949335726F3271D003E97E6 /* Game.swift in Sources */ = {isa = PBXBuildFile; fileRef = E949335626F3271D003E97E6 /* Game.swift */; };
		E949335926F38D6F003E97E6 /* QuestionView.swift in Sources */ = {isa = PBXBuildFile; fileRef = E949335826F38D6F003E97E6 /* QuestionView.swift */; };
/* End PBXBuildFile section */

/* Begin PBXFileReference section */
		E919784B26F1DD5600112E42 /* OpenQuizz.app */ = {isa = PBXFileReference; explicitFileType = wrapper.application; includeInIndex = 0; path = OpenQuizz.app; sourceTree = BUILT_PRODUCTS_DIR; };
		E919784E26F1DD5600112E42 /* AppDelegate.swift */ = {isa = PBXFileReference; lastKnownFileType = sourcecode.swift; path = AppDelegate.swift; sourceTree = "<group>"; };
		E919785026F1DD5600112E42 /* SceneDelegate.swift */ = {isa = PBXFileReference; lastKnownFileType = sourcecode.swift; path = SceneDelegate.swift; sourceTree = "<group>"; };
		E919785226F1DD5600112E42 /* ViewController.swift */ = {isa = PBXFileReference; lastKnownFileType = sourcecode.swift; path = ViewController.swift; sourceTree = "<group>"; };
		E919785526F1DD5600112E42 /* Base */ = {isa = PBXFileReference; lastKnownFileType = file.storyboard; name = Base; path = Base.lproj/Main.storyboard; sourceTree = "<group>"; };
		E919785726F1DD5C00112E42 /* Assets.xcassets */ = {isa = PBXFileReference; lastKnownFileType = folder.assetcatalog; name = Assets.xcassets; path = OpenQuizz/Assets.xcassets; sourceTree = SOURCE_ROOT; };
		E919785A26F1DD5C00112E42 /* Base */ = {isa = PBXFileReference; lastKnownFileType = file.storyboard; name = Base; path = Base.lproj/LaunchScreen.storyboard; sourceTree = "<group>"; };
		E919785C26F1DD5C00112E42 /* Info.plist */ = {isa = PBXFileReference; lastKnownFileType = text.plist.xml; path = Info.plist; sourceTree = "<group>"; };
		E919786226F2370B00112E42 /* Balham.otf */ = {isa = PBXFileReference; lastKnownFileType = file; path = Balham.otf; sourceTree = "<group>"; };
		E919786A26F23C7200112E42 /* Question.swift */ = {isa = PBXFileReference; lastKnownFileType = sourcecode.swift; path = Question.swift; sourceTree = "<group>"; };
		E949335226F32702003E97E6 /* QuestionManager.swift */ = {isa = PBXFileReference; fileEncoding = 4; lastKnownFileType = sourcecode.swift; path = QuestionManager.swift; sourceTree = "<group>"; };
		E949335626F3271D003E97E6 /* Game.swift */ = {isa = PBXFileReference; fileEncoding = 4; lastKnownFileType = sourcecode.swift; path = Game.swift; sourceTree = "<group>"; };
		E949335826F38D6F003E97E6 /* QuestionView.swift */ = {isa = PBXFileReference; lastKnownFileType = sourcecode.swift; path = QuestionView.swift; sourceTree = "<group>"; };
/* End PBXFileReference section */

/* Begin PBXFrameworksBuildPhase section */
		E919784826F1DD5600112E42 /* Frameworks */ = {
			isa = PBXFrameworksBuildPhase;
			buildActionMask = 2147483647;
			files = (
			);
			runOnlyForDeploymentPostprocessing = 0;
		};
/* End PBXFrameworksBuildPhase section */

/* Begin PBXGroup section */
		E919784226F1DD5600112E42 = {
			isa = PBXGroup;
			children = (
				E919784D26F1DD5600112E42 /* OpenQuizz */,
				E919784C26F1DD5600112E42 /* Products */,
			);
			sourceTree = "<group>";
		};
		E919784C26F1DD5600112E42 /* Products */ = {
			isa = PBXGroup;
			children = (
				E919784B26F1DD5600112E42 /* OpenQuizz.app */,
			);
			name = Products;
			sourceTree = "<group>";
		};
		E919784D26F1DD5600112E42 /* OpenQuizz */ = {
			isa = PBXGroup;
			children = (
				E919784E26F1DD5600112E42 /* AppDelegate.swift */,
				E919785026F1DD5600112E42 /* SceneDelegate.swift */,
				E919785726F1DD5C00112E42 /* Assets.xcassets */,
				E919786226F2370B00112E42 /* Balham.otf */,
				E919785926F1DD5C00112E42 /* LaunchScreen.storyboard */,
				E919785C26F1DD5C00112E42 /* Info.plist */,
				E919786926F23AA600112E42 /* Supporting Files */,
				E919786826F23A6B00112E42 /* Controller */,
				E919786726F23A6200112E42 /* View */,
				E919786626F23A5300112E42 /* Model */,
			);
			path = OpenQuizz;
			sourceTree = "<group>";
		};
		E919786626F23A5300112E42 /* Model */ = {
			isa = PBXGroup;
			children = (
				E949335626F3271D003E97E6 /* Game.swift */,
				E949335226F32702003E97E6 /* QuestionManager.swift */,
				E919786A26F23C7200112E42 /* Question.swift */,
			);
			path = Model;
			sourceTree = "<group>";
		};
		E919786726F23A6200112E42 /* View */ = {
			isa = PBXGroup;
			children = (
				E949335826F38D6F003E97E6 /* QuestionView.swift */,
				E919785426F1DD5600112E42 /* Main.storyboard */,
			);
			path = View;
			sourceTree = "<group>";
		};
		E919786826F23A6B00112E42 /* Controller */ = {
			isa = PBXGroup;
			children = (
				E919785226F1DD5600112E42 /* ViewController.swift */,
			);
			path = Controller;
			sourceTree = "<group>";
		};
		E919786926F23AA600112E42 /* Supporting Files */ = {
			isa = PBXGroup;
			children = (
			);
			path = "Supporting Files";
			sourceTree = "<group>";
		};
/* End PBXGroup section */

/* Begin PBXNativeTarget section */
		E919784A26F1DD5600112E42 /* OpenQuizz */ = {
			isa = PBXNativeTarget;
			buildConfigurationList = E919785F26F1DD5C00112E42 /* Build configuration list for PBXNativeTarget "OpenQuizz" */;
			buildPhases = (
				E919784726F1DD5600112E42 /* Sources */,
				E919784826F1DD5600112E42 /* Frameworks */,
				E919784926F1DD5600112E42 /* Resources */,
			);
			buildRules = (
			);
			dependencies = (
			);
			name = OpenQuizz;
			productName = OpenQuizz;
			productReference = E919784B26F1DD5600112E42 /* OpenQuizz.app */;
			productType = "com.apple.product-type.application";
		};
/* End PBXNativeTarget section */

/* Begin PBXProject section */
		E919784326F1DD5600112E42 /* Project object */ = {
			isa = PBXProject;
			attributes = {
				LastSwiftUpdateCheck = 1250;
				LastUpgradeCheck = 1250;
				TargetAttributes = {
					E919784A26F1DD5600112E42 = {
						CreatedOnToolsVersion = 12.5.1;
					};
				};
			};
			buildConfigurationList = E919784626F1DD5600112E42 /* Build configuration list for PBXProject "OpenQuizz" */;
			compatibilityVersion = "Xcode 9.3";
			developmentRegion = en;
			hasScannedForEncodings = 0;
			knownRegions = (
				en,
				Base,
			);
			mainGroup = E919784226F1DD5600112E42;
			productRefGroup = E919784C26F1DD5600112E42 /* Products */;
			projectDirPath = "";
			projectRoot = "";
			targets = (
				E919784A26F1DD5600112E42 /* OpenQuizz */,
			);
		};
/* End PBXProject section */

/* Begin PBXResourcesBuildPhase section */
		E919784926F1DD5600112E42 /* Resources */ = {
			isa = PBXResourcesBuildPhase;
			buildActionMask = 2147483647;
			files = (
				E919785B26F1DD5C00112E42 /* LaunchScreen.storyboard in Resources */,
				E919785826F1DD5C00112E42 /* Assets.xcassets in Resources */,
				E919786326F2370B00112E42 /* Balham.otf in Resources */,
				E919785626F1DD5600112E42 /* Main.storyboard in Resources */,
			);
			runOnlyForDeploymentPostprocessing = 0;
		};
/* End PBXResourcesBuildPhase section */

/* Begin PBXSourcesBuildPhase section */
		E919784726F1DD5600112E42 /* Sources */ = {
			isa = PBXSourcesBuildPhase;
			buildActionMask = 2147483647;
			files = (
				E919785326F1DD5600112E42 /* ViewController.swift in Sources */,
				E949335726F3271D003E97E6 /* Game.swift in Sources */,
				E919786B26F23C7200112E42 /* Question.swift in Sources */,
				E949335926F38D6F003E97E6 /* QuestionView.swift in Sources */,
				E919784F26F1DD5600112E42 /* AppDelegate.swift in Sources */,
				E949335326F32702003E97E6 /* QuestionManager.swift in Sources */,
				E919785126F1DD5600112E42 /* SceneDelegate.swift in Sources */,
			);
			runOnlyForDeploymentPostprocessing = 0;
		};
/* End PBXSourcesBuildPhase section */

/* Begin PBXVariantGroup section */
		E919785426F1DD5600112E42 /* Main.storyboard */ = {
			isa = PBXVariantGroup;
			children = (
				E919785526F1DD5600112E42 /* Base */,
			);
			name = Main.storyboard;
			sourceTree = "<group>";
		};
		E919785926F1DD5C00112E42 /* LaunchScreen.storyboard */ = {
			isa = PBXVariantGroup;
			children = (
				E919785A26F1DD5C00112E42 /* Base */,
			);
			name = LaunchScreen.storyboard;
			sourceTree = "<group>";
		};
/* End PBXVariantGroup section */

/* Begin XCBuildConfiguration section */
		E919785D26F1DD5C00112E42 /* Debug */ = {
			isa = XCBuildConfiguration;
			buildSettings = {
				ALWAYS_SEARCH_USER_PATHS = NO;
				CLANG_ANALYZER_NONNULL = YES;
				CLANG_ANALYZER_NUMBER_OBJECT_CONVERSION = YES_AGGRESSIVE;
				CLANG_CXX_LANGUAGE_STANDARD = "gnu++14";
				CLANG_CXX_LIBRARY = "libc++";
				CLANG_ENABLE_MODULES = YES;
				CLANG_ENABLE_OBJC_ARC = YES;
				CLANG_ENABLE_OBJC_WEAK = YES;
				CLANG_WARN_BLOCK_CAPTURE_AUTORELEASING = YES;
				CLANG_WARN_BOOL_CONVERSION = YES;
				CLANG_WARN_COMMA = YES;
				CLANG_WARN_CONSTANT_CONVERSION = YES;
				CLANG_WARN_DEPRECATED_OBJC_IMPLEMENTATIONS = YES;
				CLANG_WARN_DIRECT_OBJC_ISA_USAGE = YES_ERROR;
				CLANG_WARN_DOCUMENTATION_COMMENTS = YES;
				CLANG_WARN_EMPTY_BODY = YES;
				CLANG_WARN_ENUM_CONVERSION = YES;
				CLANG_WARN_INFINITE_RECURSION = YES;
				CLANG_WARN_INT_CONVERSION = YES;
				CLANG_WARN_NON_LITERAL_NULL_CONVERSION = YES;
				CLANG_WARN_OBJC_IMPLICIT_RETAIN_SELF = YES;
				CLANG_WARN_OBJC_LITERAL_CONVERSION = YES;
				CLANG_WARN_OBJC_ROOT_CLASS = YES_ERROR;
				CLANG_WARN_QUOTED_INCLUDE_IN_FRAMEWORK_HEADER = YES;
				CLANG_WARN_RANGE_LOOP_ANALYSIS = YES;
				CLANG_WARN_STRICT_PROTOTYPES = YES;
				CLANG_WARN_SUSPICIOUS_MOVE = YES;
				CLANG_WARN_UNGUARDED_AVAILABILITY = YES_AGGRESSIVE;
				CLANG_WARN_UNREACHABLE_CODE = YES;
				CLANG_WARN__DUPLICATE_METHOD_MATCH = YES;
				COPY_PHASE_STRIP = NO;
				DEBUG_INFORMATION_FORMAT = dwarf;
				ENABLE_STRICT_OBJC_MSGSEND = YES;
				ENABLE_TESTABILITY = YES;
				GCC_C_LANGUAGE_STANDARD = gnu11;
				GCC_DYNAMIC_NO_PIC = NO;
				GCC_NO_COMMON_BLOCKS = YES;
				GCC_OPTIMIZATION_LEVEL = 0;
				GCC_PREPROCESSOR_DEFINITIONS = (
					"DEBUG=1",
					"$(inherited)",
				);
				GCC_WARN_64_TO_32_BIT_CONVERSION = YES;
				GCC_WARN_ABOUT_RETURN_TYPE = YES_ERROR;
				GCC_WARN_UNDECLARED_SELECTOR = YES;
				GCC_WARN_UNINITIALIZED_AUTOS = YES_AGGRESSIVE;
				GCC_WARN_UNUSED_FUNCTION = YES;
				GCC_WARN_UNUSED_VARIABLE = YES;
				IPHONEOS_DEPLOYMENT_TARGET = 14.5;
				MTL_ENABLE_DEBUG_INFO = INCLUDE_SOURCE;
				MTL_FAST_MATH = YES;
				ONLY_ACTIVE_ARCH = YES;
				SDKROOT = iphoneos;
				SWIFT_ACTIVE_COMPILATION_CONDITIONS = DEBUG;
				SWIFT_OPTIMIZATION_LEVEL = "-Onone";
			};
			name = Debug;
		};
		E919785E26F1DD5C00112E42 /* Release */ = {
			isa = XCBuildConfiguration;
			buildSettings = {
				ALWAYS_SEARCH_USER_PATHS = NO;
				CLANG_ANALYZER_NONNULL = YES;
				CLANG_ANALYZER_NUMBER_OBJECT_CONVERSION = YES_AGGRESSIVE;
				CLANG_CXX_LANGUAGE_STANDARD = "gnu++14";
				CLANG_CXX_LIBRARY = "libc++";
				CLANG_ENABLE_MODULES = YES;
				CLANG_ENABLE_OBJC_ARC = YES;
				CLANG_ENABLE_OBJC_WEAK = YES;
				CLANG_WARN_BLOCK_CAPTURE_AUTORELEASING = YES;
				CLANG_WARN_BOOL_CONVERSION = YES;
				CLANG_WARN_COMMA = YES;
				CLANG_WARN_CONSTANT_CONVERSION = YES;
				CLANG_WARN_DEPRECATED_OBJC_IMPLEMENTATIONS = YES;
				CLANG_WARN_DIRECT_OBJC_ISA_USAGE = YES_ERROR;
				CLANG_WARN_DOCUMENTATION_COMMENTS = YES;
				CLANG_WARN_EMPTY_BODY = YES;
				CLANG_WARN_ENUM_CONVERSION = YES;
				CLANG_WARN_INFINITE_RECURSION = YES;
				CLANG_WARN_INT_CONVERSION = YES;
				CLANG_WARN_NON_LITERAL_NULL_CONVERSION = YES;
				CLANG_WARN_OBJC_IMPLICIT_RETAIN_SELF = YES;
				CLANG_WARN_OBJC_LITERAL_CONVERSION = YES;
				CLANG_WARN_OBJC_ROOT_CLASS = YES_ERROR;
				CLANG_WARN_QUOTED_INCLUDE_IN_FRAMEWORK_HEADER = YES;
				CLANG_WARN_RANGE_LOOP_ANALYSIS = YES;
				CLANG_WARN_STRICT_PROTOTYPES = YES;
				CLANG_WARN_SUSPICIOUS_MOVE = YES;
				CLANG_WARN_UNGUARDED_AVAILABILITY = YES_AGGRESSIVE;
				CLANG_WARN_UNREACHABLE_CODE = YES;
				CLANG_WARN__DUPLICATE_METHOD_MATCH = YES;
				COPY_PHASE_STRIP = NO;
				DEBUG_INFORMATION_FORMAT = "dwarf-with-dsym";
				ENABLE_NS_ASSERTIONS = NO;
				ENABLE_STRICT_OBJC_MSGSEND = YES;
				GCC_C_LANGUAGE_STANDARD = gnu11;
				GCC_NO_COMMON_BLOCKS = YES;
				GCC_WARN_64_TO_32_BIT_CONVERSION = YES;
				GCC_WARN_ABOUT_RETURN_TYPE = YES_ERROR;
				GCC_WARN_UNDECLARED_SELECTOR = YES;
				GCC_WARN_UNINITIALIZED_AUTOS = YES_AGGRESSIVE;
				GCC_WARN_UNUSED_FUNCTION = YES;
				GCC_WARN_UNUSED_VARIABLE = YES;
				IPHONEOS_DEPLOYMENT_TARGET = 14.5;
				MTL_ENABLE_DEBUG_INFO = NO;
				MTL_FAST_MATH = YES;
				SDKROOT = iphoneos;
				SWIFT_COMPILATION_MODE = wholemodule;
				SWIFT_OPTIMIZATION_LEVEL = "-O";
				VALIDATE_PRODUCT = YES;
			};
			name = Release;
		};
		E919786026F1DD5C00112E42 /* Debug */ = {
			isa = XCBuildConfiguration;
			buildSettings = {
				ASSETCATALOG_COMPILER_APPICON_NAME = AppIcon;
				ASSETCATALOG_COMPILER_GLOBAL_ACCENT_COLOR_NAME = AccentColor;
				CODE_SIGN_STYLE = Automatic;
				DEVELOPMENT_ASSET_PATHS = OpenQuizz/Assets.xcassets;
				DEVELOPMENT_TEAM = A7DB62SRM2;
				INFOPLIST_FILE = OpenQuizz/Info.plist;
				LD_RUNPATH_SEARCH_PATHS = (
					"$(inherited)",
					"@executable_path/Frameworks",
				);
				PRODUCT_BUNDLE_IDENTIFIER = com.jibeve.OpenQuizz;
				PRODUCT_NAME = "$(TARGET_NAME)";
				SWIFT_VERSION = 5.0;
				TARGETED_DEVICE_FAMILY = "1,2";
			};
			name = Debug;
		};
		E919786126F1DD5C00112E42 /* Release */ = {
			isa = XCBuildConfiguration;
			buildSettings = {
				ASSETCATALOG_COMPILER_APPICON_NAME = AppIcon;
				ASSETCATALOG_COMPILER_GLOBAL_ACCENT_COLOR_NAME = AccentColor;
				CODE_SIGN_STYLE = Automatic;
				DEVELOPMENT_ASSET_PATHS = OpenQuizz/Assets.xcassets;
				DEVELOPMENT_TEAM = A7DB62SRM2;
				INFOPLIST_FILE = OpenQuizz/Info.plist;
				LD_RUNPATH_SEARCH_PATHS = (
					"$(inherited)",
					"@executable_path/Frameworks",
				);
				PRODUCT_BUNDLE_IDENTIFIER = com.jibeve.OpenQuizz;
				PRODUCT_NAME = "$(TARGET_NAME)";
				SWIFT_VERSION = 5.0;
				TARGETED_DEVICE_FAMILY = "1,2";
			};
			name = Release;
		};
/* End XCBuildConfiguration section */

/* Begin XCConfigurationList section */
		E919784626F1DD5600112E42 /* Build configuration list for PBXProject "OpenQuizz" */ = {
			isa = XCConfigurationList;
			buildConfigurations = (
				E919785D26F1DD5C00112E42 /* Debug */,
				E919785E26F1DD5C00112E42 /* Release */,
			);
			defaultConfigurationIsVisible = 0;
			defaultConfigurationName = Release;
		};
		E919785F26F1DD5C00112E42 /* Build configuration list for PBXNativeTarget "OpenQuizz" */ = {
			isa = XCConfigurationList;
			buildConfigurations = (
				E919786026F1DD5C00112E42 /* Debug */,
				E919786126F1DD5C00112E42 /* Release */,
			);
			defaultConfigurationIsVisible = 0;
			defaultConfigurationName = Release;
		};
/* End XCConfigurationList section */
	};
	rootObject = E919784326F1DD5600112E42 /* Project object */;
}
